
Microsoft Visual Studio Solution File, Format Version 12.00
# Visual Studio 15
Project("{FAE04EC0-301F-11D3-BF4B-00C04F79EFBC}") = "Unity.ML-Agents", "Unity.ML-Agents.csproj", "{1561287D-DD47-F74B-7E28-C5DA5492B76A}"
EndProject
Project("{FAE04EC0-301F-11D3-BF4B-00C04F79EFBC}") = "Unity.ML-Agents.CommunicatorObjects", "Unity.ML-Agents.CommunicatorObjects.csproj", "{ECE5AC95-7863-560D-75B5-417C9FC7BA5F}"
EndProject
Project("{FAE04EC0-301F-11D3-BF4B-00C04F79EFBC}") = "Unity.ML-Agents.Editor", "Unity.ML-Agents.Editor.csproj", "{4D36A167-84EA-179E-E922-6F16C2EB54BE}"
EndProject
Project("{FAE04EC0-301F-11D3-BF4B-00C04F79EFBC}") = "Assembly-CSharp", "Assembly-CSharp.csproj", "{E339D1A3-AB33-2984-B115-C41D476588F9}"
EndProject
Global
	GlobalSection(SolutionConfigurationPlatforms) = preSolution
		Debug|Any CPU = Debug|Any CPU
		Release|Any CPU = Release|Any CPU
	EndGlobalSection
	GlobalSection(ProjectConfigurationPlatforms) = postSolution
		{1561287D-DD47-F74B-7E28-C5DA5492B76A}.Debug|Any CPU.ActiveCfg = Debug|Any CPU
		{1561287D-DD47-F74B-7E28-C5DA5492B76A}.Debug|Any CPU.Build.0 = Debug|Any CPU
		{1561287D-DD47-F74B-7E28-C5DA5492B76A}.Release|Any CPU.ActiveCfg = Release|Any CPU
		{1561287D-DD47-F74B-7E28-C5DA5492B76A}.Release|Any CPU.Build.0 = Release|Any CPU
		{ECE5AC95-7863-560D-75B5-417C9FC7BA5F}.Debug|Any CPU.ActiveCfg = Debug|Any CPU
		{ECE5AC95-7863-560D-75B5-417C9FC7BA5F}.Debug|Any CPU.Build.0 = Debug|Any CPU
		{ECE5AC95-7863-560D-75B5-417C9FC7BA5F}.Release|Any CPU.ActiveCfg = Release|Any CPU
		{ECE5AC95-7863-560D-75B5-417C9FC7BA5F}.Release|Any CPU.Build.0 = Release|Any CPU
		{4D36A167-84EA-179E-E922-6F16C2EB54BE}.Debug|Any CPU.ActiveCfg = Debug|Any CPU
		{4D36A167-84EA-179E-E922-6F16C2EB54BE}.Debug|Any CPU.Build.0 = Debug|Any CPU
		{4D36A167-84EA-179E-E922-6F16C2EB54BE}.Release|Any CPU.ActiveCfg = Release|Any CPU
		{4D36A167-84EA-179E-E922-6F16C2EB54BE}.Release|Any CPU.Build.0 = Release|Any CPU
		{E339D1A3-AB33-2984-B115-C41D476588F9}.Debug|Any CPU.ActiveCfg = Debug|Any CPU
		{E339D1A3-AB33-2984-B115-C41D476588F9}.Debug|Any CPU.Build.0 = Debug|Any CPU
		{E339D1A3-AB33-2984-B115-C41D476588F9}.Release|Any CPU.ActiveCfg = Release|Any CPU
		{E339D1A3-AB33-2984-B115-C41D476588F9}.Release|Any CPU.Build.0 = Release|Any CPU
	EndGlobalSection
	GlobalSection(SolutionProperties) = preSolution
		HideSolutionNode = FALSE
	EndGlobalSection
EndGlobal
